// !$*UTF8*$!
{
	archiveVersion = 1;
	classes = {
	};
	objectVersion = 56;
	objects = {

/* Begin PBXBuildFile section */
		8C7A06CC29EEED600090DEBB /* AppDelegate.swift in Sources */ = {isa = PBXBuildFile; fileRef = 8C7A06CB29EEED600090DEBB /* AppDelegate.swift */; };
		8C7A06CE29EEED600090DEBB /* SceneDelegate.swift in Sources */ = {isa = PBXBuildFile; fileRef = 8C7A06CD29EEED600090DEBB /* SceneDelegate.swift */; };
		8C7A06D029EEED600090DEBB /* ViewController.swift in Sources */ = {isa = PBXBuildFile; fileRef = 8C7A06CF29EEED600090DEBB /* ViewController.swift */; };
		8C7A06D329EEED600090DEBB /* Main.storyboard in Resources */ = {isa = PBXBuildFile; fileRef = 8C7A06D129EEED600090DEBB /* Main.storyboard */; };
		8C7A06D529EEED600090DEBB /* Assets.xcassets in Resources */ = {isa = PBXBuildFile; fileRef = 8C7A06D429EEED600090DEBB /* Assets.xcassets */; };
		8C7A06D829EEED600090DEBB /* LaunchScreen.storyboard in Resources */ = {isa = PBXBuildFile; fileRef = 8C7A06D629EEED600090DEBB /* LaunchScreen.storyboard */; };
		8C7A070229EEEF240090DEBB /* CocoapodsBugTests.swift in Sources */ = {isa = PBXBuildFile; fileRef = 8C7A070129EEEF240090DEBB /* CocoapodsBugTests.swift */; };
		8C7A070829EEEF2D0090DEBB /* ViewController.swift in Sources */ = {isa = PBXBuildFile; fileRef = 8C7A06CF29EEED600090DEBB /* ViewController.swift */; };
		8C7A070929EEEF2D0090DEBB /* AppDelegate.swift in Sources */ = {isa = PBXBuildFile; fileRef = 8C7A06CB29EEED600090DEBB /* AppDelegate.swift */; };
		8C7A070A29EEEF2D0090DEBB /* SceneDelegate.swift in Sources */ = {isa = PBXBuildFile; fileRef = 8C7A06CD29EEED600090DEBB /* SceneDelegate.swift */; };
		E369BFF648D4E3B8FBCF2ACF /* Pods_CocoapodsBug.framework in Frameworks */ = {isa = PBXBuildFile; fileRef = 2C2DAD9540A221F454DE2FC4 /* Pods_CocoapodsBug.framework */; };
		F738082B57AA6E1D9F9E6A88 /* Pods_CocoapodsBug_CocoapodsBugTests.framework in Frameworks */ = {isa = PBXBuildFile; fileRef = AA2BEE1E7F16ED60EFF305C8 /* Pods_CocoapodsBug_CocoapodsBugTests.framework */; };
/* End PBXBuildFile section */

/* Begin PBXContainerItemProxy section */
		8C7A070329EEEF240090DEBB /* PBXContainerItemProxy */ = {
			isa = PBXContainerItemProxy;
			containerPortal = 8C7A06C029EEED5F0090DEBB /* Project object */;
			proxyType = 1;
			remoteGlobalIDString = 8C7A06C729EEED600090DEBB;
			remoteInfo = CocoapodsBug;
		};
/* End PBXContainerItemProxy section */

/* Begin PBXFileReference section */
		2C2DAD9540A221F454DE2FC4 /* Pods_CocoapodsBug.framework */ = {isa = PBXFileReference; explicitFileType = wrapper.framework; includeInIndex = 0; path = Pods_CocoapodsBug.framework; sourceTree = BUILT_PRODUCTS_DIR; };
		6C54408E24036212D0FFCEDE /* Pods-CocoapodsBug-CocoapodsBugTests.debug.xcconfig */ = {isa = PBXFileReference; includeInIndex = 1; lastKnownFileType = text.xcconfig; name = "Pods-CocoapodsBug-CocoapodsBugTests.debug.xcconfig"; path = "Target Support Files/Pods-CocoapodsBug-CocoapodsBugTests/Pods-CocoapodsBug-CocoapodsBugTests.debug.xcconfig"; sourceTree = "<group>"; };
		8C7A06C829EEED600090DEBB /* CocoapodsBug.app */ = {isa = PBXFileReference; explicitFileType = wrapper.application; includeInIndex = 0; path = CocoapodsBug.app; sourceTree = BUILT_PRODUCTS_DIR; };
		8C7A06CB29EEED600090DEBB /* AppDelegate.swift */ = {isa = PBXFileReference; lastKnownFileType = sourcecode.swift; path = AppDelegate.swift; sourceTree = "<group>"; };
		8C7A06CD29EEED600090DEBB /* SceneDelegate.swift */ = {isa = PBXFileReference; lastKnownFileType = sourcecode.swift; path = SceneDelegate.swift; sourceTree = "<group>"; };
		8C7A06CF29EEED600090DEBB /* ViewController.swift */ = {isa = PBXFileReference; lastKnownFileType = sourcecode.swift; path = ViewController.swift; sourceTree = "<group>"; };
		8C7A06D229EEED600090DEBB /* Base */ = {isa = PBXFileReference; lastKnownFileType = file.storyboard; name = Base; path = Base.lproj/Main.storyboard; sourceTree = "<group>"; };
		8C7A06D429EEED600090DEBB /* Assets.xcassets */ = {isa = PBXFileReference; lastKnownFileType = folder.assetcatalog; path = Assets.xcassets; sourceTree = "<group>"; };
		8C7A06D729EEED600090DEBB /* Base */ = {isa = PBXFileReference; lastKnownFileType = file.storyboard; name = Base; path = Base.lproj/LaunchScreen.storyboard; sourceTree = "<group>"; };
		8C7A06D929EEED600090DEBB /* Info.plist */ = {isa = PBXFileReference; lastKnownFileType = text.plist.xml; path = Info.plist; sourceTree = "<group>"; };
		8C7A06FF29EEEF240090DEBB /* CocoapodsBugTests.xctest */ = {isa = PBXFileReference; explicitFileType = wrapper.cfbundle; includeInIndex = 0; path = CocoapodsBugTests.xctest; sourceTree = BUILT_PRODUCTS_DIR; };
		8C7A070129EEEF240090DEBB /* CocoapodsBugTests.swift */ = {isa = PBXFileReference; lastKnownFileType = sourcecode.swift; path = CocoapodsBugTests.swift; sourceTree = "<group>"; };
		AA2BEE1E7F16ED60EFF305C8 /* Pods_CocoapodsBug_CocoapodsBugTests.framework */ = {isa = PBXFileReference; explicitFileType = wrapper.framework; includeInIndex = 0; path = Pods_CocoapodsBug_CocoapodsBugTests.framework; sourceTree = BUILT_PRODUCTS_DIR; };
		C03A4A049E0D77B0C261676F /* Pods-CocoapodsBug.release.xcconfig */ = {isa = PBXFileReference; includeInIndex = 1; lastKnownFileType = text.xcconfig; name = "Pods-CocoapodsBug.release.xcconfig"; path = "Target Support Files/Pods-CocoapodsBug/Pods-CocoapodsBug.release.xcconfig"; sourceTree = "<group>"; };
		D79008918C2FDAF0BC5C3EE2 /* Pods-CocoapodsBug-CocoapodsBugTests.release.xcconfig */ = {isa = PBXFileReference; includeInIndex = 1; lastKnownFileType = text.xcconfig; name = "Pods-CocoapodsBug-CocoapodsBugTests.release.xcconfig"; path = "Target Support Files/Pods-CocoapodsBug-CocoapodsBugTests/Pods-CocoapodsBug-CocoapodsBugTests.release.xcconfig"; sourceTree = "<group>"; };
		F45B22A3A250019CC5946398 /* Pods-CocoapodsBug.debug.xcconfig */ = {isa = PBXFileReference; includeInIndex = 1; lastKnownFileType = text.xcconfig; name = "Pods-CocoapodsBug.debug.xcconfig"; path = "Target Support Files/Pods-CocoapodsBug/Pods-CocoapodsBug.debug.xcconfig"; sourceTree = "<group>"; };
/* End PBXFileReference section */

/* Begin PBXFrameworksBuildPhase section */
		8C7A06C529EEED600090DEBB /* Frameworks */ = {
			isa = PBXFrameworksBuildPhase;
			buildActionMask = 2147483647;
			files = (
				E369BFF648D4E3B8FBCF2ACF /* Pods_CocoapodsBug.framework in Frameworks */,
			);
			runOnlyForDeploymentPostprocessing = 0;
		};
		8C7A06FC29EEEF240090DEBB /* Frameworks */ = {
			isa = PBXFrameworksBuildPhase;
			buildActionMask = 2147483647;
			files = (
				F738082B57AA6E1D9F9E6A88 /* Pods_CocoapodsBug_CocoapodsBugTests.framework in Frameworks */,
			);
			runOnlyForDeploymentPostprocessing = 0;
		};
/* End PBXFrameworksBuildPhase section */

/* Begin PBXGroup section */
		17AAF4B54F44B8BBC48AA37F /* Pods */ = {
			isa = PBXGroup;
			children = (
				F45B22A3A250019CC5946398 /* Pods-CocoapodsBug.debug.xcconfig */,
				C03A4A049E0D77B0C261676F /* Pods-CocoapodsBug.release.xcconfig */,
				6C54408E24036212D0FFCEDE /* Pods-CocoapodsBug-CocoapodsBugTests.debug.xcconfig */,
				D79008918C2FDAF0BC5C3EE2 /* Pods-CocoapodsBug-CocoapodsBugTests.release.xcconfig */,
			);
			path = Pods;
			sourceTree = "<group>";
		};
		1EBC5BC8BFAE61D99274C7D7 /* Frameworks */ = {
			isa = PBXGroup;
			children = (
				2C2DAD9540A221F454DE2FC4 /* Pods_CocoapodsBug.framework */,
				AA2BEE1E7F16ED60EFF305C8 /* Pods_CocoapodsBug_CocoapodsBugTests.framework */,
			);
			name = Frameworks;
			sourceTree = "<group>";
		};
		8C7A06BF29EEED5F0090DEBB = {
			isa = PBXGroup;
			children = (
				8C7A06CA29EEED600090DEBB /* CocoapodsBug */,
				8C7A070029EEEF240090DEBB /* CocoapodsBugTests */,
				8C7A06C929EEED600090DEBB /* Products */,
				17AAF4B54F44B8BBC48AA37F /* Pods */,
				1EBC5BC8BFAE61D99274C7D7 /* Frameworks */,
			);
			sourceTree = "<group>";
		};
		8C7A06C929EEED600090DEBB /* Products */ = {
			isa = PBXGroup;
			children = (
				8C7A06C829EEED600090DEBB /* CocoapodsBug.app */,
				8C7A06FF29EEEF240090DEBB /* CocoapodsBugTests.xctest */,
			);
			name = Products;
			sourceTree = "<group>";
		};
		8C7A06CA29EEED600090DEBB /* CocoapodsBug */ = {
			isa = PBXGroup;
			children = (
				8C7A06CB29EEED600090DEBB /* AppDelegate.swift */,
				8C7A06CD29EEED600090DEBB /* SceneDelegate.swift */,
				8C7A06CF29EEED600090DEBB /* ViewController.swift */,
				8C7A06D129EEED600090DEBB /* Main.storyboard */,
				8C7A06D429EEED600090DEBB /* Assets.xcassets */,
				8C7A06D629EEED600090DEBB /* LaunchScreen.storyboard */,
				8C7A06D929EEED600090DEBB /* Info.plist */,
			);
			path = CocoapodsBug;
			sourceTree = "<group>";
		};
		8C7A070029EEEF240090DEBB /* CocoapodsBugTests */ = {
			isa = PBXGroup;
			children = (
				8C7A070129EEEF240090DEBB /* CocoapodsBugTests.swift */,
			);
			path = CocoapodsBugTests;
			sourceTree = "<group>";
		};
/* End PBXGroup section */

/* Begin PBXNativeTarget section */
		8C7A06C729EEED600090DEBB /* CocoapodsBug */ = {
			isa = PBXNativeTarget;
			buildConfigurationList = 8C7A06F229EEED600090DEBB /* Build configuration list for PBXNativeTarget "CocoapodsBug" */;
			buildPhases = (
				79D3F07084C247EB1D518EF0 /* [CP] Check Pods Manifest.lock */,
				8C7A06C429EEED600090DEBB /* Sources */,
				8C7A06C529EEED600090DEBB /* Frameworks */,
				8C7A06C629EEED600090DEBB /* Resources */,
				6D0FD9735D3EBCF631A7049C /* [CP] Copy Pods Resources */,
			);
			buildRules = (
			);
			dependencies = (
			);
			name = CocoapodsBug;
			productName = CocoapodsBug;
			productReference = 8C7A06C829EEED600090DEBB /* CocoapodsBug.app */;
			productType = "com.apple.product-type.application";
		};
		8C7A06FE29EEEF240090DEBB /* CocoapodsBugTests */ = {
			isa = PBXNativeTarget;
			buildConfigurationList = 8C7A070729EEEF240090DEBB /* Build configuration list for PBXNativeTarget "CocoapodsBugTests" */;
			buildPhases = (
				DE12482526D8D4FF6B554925 /* [CP] Check Pods Manifest.lock */,
				8C7A06FB29EEEF240090DEBB /* Sources */,
				8C7A06FC29EEEF240090DEBB /* Frameworks */,
				8C7A06FD29EEEF240090DEBB /* Resources */,
				DA30545E573561F04B8C5882 /* [CP] Copy Pods Resources */,
			);
			buildRules = (
			);
			dependencies = (
				8C7A070429EEEF240090DEBB /* PBXTargetDependency */,
			);
			name = CocoapodsBugTests;
			productName = CocoapodsBugTests;
			productReference = 8C7A06FF29EEEF240090DEBB /* CocoapodsBugTests.xctest */;
			productType = "com.apple.product-type.bundle.unit-test";
		};
/* End PBXNativeTarget section */

/* Begin PBXProject section */
		8C7A06C029EEED5F0090DEBB /* Project object */ = {
			isa = PBXProject;
			attributes = {
				BuildIndependentTargetsInParallel = 1;
				LastSwiftUpdateCheck = 1420;
				LastUpgradeCheck = 1420;
				TargetAttributes = {
					8C7A06C729EEED600090DEBB = {
						CreatedOnToolsVersion = 14.2;
					};
					8C7A06FE29EEEF240090DEBB = {
						CreatedOnToolsVersion = 14.2;
					};
				};
			};
			buildConfigurationList = 8C7A06C329EEED5F0090DEBB /* Build configuration list for PBXProject "CocoapodsBug" */;
			compatibilityVersion = "Xcode 14.0";
			developmentRegion = en;
			hasScannedForEncodings = 0;
			knownRegions = (
				en,
				Base,
			);
			mainGroup = 8C7A06BF29EEED5F0090DEBB;
			productRefGroup = 8C7A06C929EEED600090DEBB /* Products */;
			projectDirPath = "";
			projectRoot = "";
			targets = (
				8C7A06C729EEED600090DEBB /* CocoapodsBug */,
				8C7A06FE29EEEF240090DEBB /* CocoapodsBugTests */,
			);
		};
/* End PBXProject section */

/* Begin PBXResourcesBuildPhase section */
		8C7A06C629EEED600090DEBB /* Resources */ = {
			isa = PBXResourcesBuildPhase;
			buildActionMask = 2147483647;
			files = (
				8C7A06D829EEED600090DEBB /* LaunchScreen.storyboard in Resources */,
				8C7A06D529EEED600090DEBB /* Assets.xcassets in Resources */,
				8C7A06D329EEED600090DEBB /* Main.storyboard in Resources */,
			);
			runOnlyForDeploymentPostprocessing = 0;
		};
		8C7A06FD29EEEF240090DEBB /* Resources */ = {
			isa = PBXResourcesBuildPhase;
			buildActionMask = 2147483647;
			files = (
			);
			runOnlyForDeploymentPostprocessing = 0;
		};
/* End PBXResourcesBuildPhase section */

/* Begin PBXShellScriptBuildPhase section */
		6D0FD9735D3EBCF631A7049C /* [CP] Copy Pods Resources */ = {
			isa = PBXShellScriptBuildPhase;
			buildActionMask = 2147483647;
			files = (
			);
			inputFileListPaths = (
				"${PODS_ROOT}/Target Support Files/Pods-CocoapodsBug/Pods-CocoapodsBug-resources-${CONFIGURATION}-input-files.xcfilelist",
			);
			name = "[CP] Copy Pods Resources";
			outputFileListPaths = (
				"${PODS_ROOT}/Target Support Files/Pods-CocoapodsBug/Pods-CocoapodsBug-resources-${CONFIGURATION}-output-files.xcfilelist",
			);
			runOnlyForDeploymentPostprocessing = 0;
			shellPath = /bin/sh;
			shellScript = "\"${PODS_ROOT}/Target Support Files/Pods-CocoapodsBug/Pods-CocoapodsBug-resources.sh\"\n";
			showEnvVarsInLog = 0;
		};
		79D3F07084C247EB1D518EF0 /* [CP] Check Pods Manifest.lock */ = {
			isa = PBXShellScriptBuildPhase;
			buildActionMask = 2147483647;
			files = (
			);
			inputFileListPaths = (
			);
			inputPaths = (
				"${PODS_PODFILE_DIR_PATH}/Podfile.lock",
				"${PODS_ROOT}/Manifest.lock",
			);
			name = "[CP] Check Pods Manifest.lock";
			outputFileListPaths = (
			);
			outputPaths = (
				"$(DERIVED_FILE_DIR)/Pods-CocoapodsBug-checkManifestLockResult.txt",
			);
			runOnlyForDeploymentPostprocessing = 0;
			shellPath = /bin/sh;
			shellScript = "diff \"${PODS_PODFILE_DIR_PATH}/Podfile.lock\" \"${PODS_ROOT}/Manifest.lock\" > /dev/null\nif [ $? != 0 ] ; then\n    # print error to STDERR\n    echo \"error: The sandbox is not in sync with the Podfile.lock. Run 'pod install' or update your CocoaPods installation.\" >&2\n    exit 1\nfi\n# This output is used by Xcode 'outputs' to avoid re-running this script phase.\necho \"SUCCESS\" > \"${SCRIPT_OUTPUT_FILE_0}\"\n";
			showEnvVarsInLog = 0;
		};
		DA30545E573561F04B8C5882 /* [CP] Copy Pods Resources */ = {
			isa = PBXShellScriptBuildPhase;
			buildActionMask = 2147483647;
			files = (
			);
			inputFileListPaths = (
				"${PODS_ROOT}/Target Support Files/Pods-CocoapodsBug-CocoapodsBugTests/Pods-CocoapodsBug-CocoapodsBugTests-resources-${CONFIGURATION}-input-files.xcfilelist",
			);
			name = "[CP] Copy Pods Resources";
			outputFileListPaths = (
				"${PODS_ROOT}/Target Support Files/Pods-CocoapodsBug-CocoapodsBugTests/Pods-CocoapodsBug-CocoapodsBugTests-resources-${CONFIGURATION}-output-files.xcfilelist",
			);
			runOnlyForDeploymentPostprocessing = 0;
			shellPath = /bin/sh;
			shellScript = "\"${PODS_ROOT}/Target Support Files/Pods-CocoapodsBug-CocoapodsBugTests/Pods-CocoapodsBug-CocoapodsBugTests-resources.sh\"\n";
			showEnvVarsInLog = 0;
		};
		DE12482526D8D4FF6B554925 /* [CP] Check Pods Manifest.lock */ = {
			isa = PBXShellScriptBuildPhase;
			buildActionMask = 2147483647;
			files = (
			);
			inputFileListPaths = (
			);
			inputPaths = (
				"${PODS_PODFILE_DIR_PATH}/Podfile.lock",
				"${PODS_ROOT}/Manifest.lock",
			);
			name = "[CP] Check Pods Manifest.lock";
			outputFileListPaths = (
			);
			outputPaths = (
				"$(DERIVED_FILE_DIR)/Pods-CocoapodsBug-CocoapodsBugTests-checkManifestLockResult.txt",
			);
			runOnlyForDeploymentPostprocessing = 0;
			shellPath = /bin/sh;
			shellScript = "diff \"${PODS_PODFILE_DIR_PATH}/Podfile.lock\" \"${PODS_ROOT}/Manifest.lock\" > /dev/null\nif [ $? != 0 ] ; then\n    # print error to STDERR\n    echo \"error: The sandbox is not in sync with the Podfile.lock. Run 'pod install' or update your CocoaPods installation.\" >&2\n    exit 1\nfi\n# This output is used by Xcode 'outputs' to avoid re-running this script phase.\necho \"SUCCESS\" > \"${SCRIPT_OUTPUT_FILE_0}\"\n";
			showEnvVarsInLog = 0;
		};
/* End PBXShellScriptBuildPhase section */

/* Begin PBXSourcesBuildPhase section */
		8C7A06C429EEED600090DEBB /* Sources */ = {
			isa = PBXSourcesBuildPhase;
			buildActionMask = 2147483647;
			files = (
				8C7A06D029EEED600090DEBB /* ViewController.swift in Sources */,
				8C7A06CC29EEED600090DEBB /* AppDelegate.swift in Sources */,
				8C7A06CE29EEED600090DEBB /* SceneDelegate.swift in Sources */,
			);
			runOnlyForDeploymentPostprocessing = 0;
		};
		8C7A06FB29EEEF240090DEBB /* Sources */ = {
			isa = PBXSourcesBuildPhase;
			buildActionMask = 2147483647;
			files = (
				8C7A070929EEEF2D0090DEBB /* AppDelegate.swift in Sources */,
				8C7A070829EEEF2D0090DEBB /* ViewController.swift in Sources */,
				8C7A070229EEEF240090DEBB /* CocoapodsBugTests.swift in Sources */,
				8C7A070A29EEEF2D0090DEBB /* SceneDelegate.swift in Sources */,
			);
			runOnlyForDeploymentPostprocessing = 0;
		};
/* End PBXSourcesBuildPhase section */

/* Begin PBXTargetDependency section */
		8C7A070429EEEF240090DEBB /* PBXTargetDependency */ = {
			isa = PBXTargetDependency;
			target = 8C7A06C729EEED600090DEBB /* CocoapodsBug */;
			targetProxy = 8C7A070329EEEF240090DEBB /* PBXContainerItemProxy */;
		};
/* End PBXTargetDependency section */

/* Begin PBXVariantGroup section */
		8C7A06D129EEED600090DEBB /* Main.storyboard */ = {
			isa = PBXVariantGroup;
			children = (
				8C7A06D229EEED600090DEBB /* Base */,
			);
			name = Main.storyboard;
			sourceTree = "<group>";
		};
		8C7A06D629EEED600090DEBB /* LaunchScreen.storyboard */ = {
			isa = PBXVariantGroup;
			children = (
				8C7A06D729EEED600090DEBB /* Base */,
			);
			name = LaunchScreen.storyboard;
			sourceTree = "<group>";
		};
/* End PBXVariantGroup section */

/* Begin XCBuildConfiguration section */
		8C7A06F029EEED600090DEBB /* Debug */ = {
			isa = XCBuildConfiguration;
			buildSettings = {
				ALWAYS_SEARCH_USER_PATHS = NO;
				CLANG_ANALYZER_NONNULL = YES;
				CLANG_ANALYZER_NUMBER_OBJECT_CONVERSION = YES_AGGRESSIVE;
				CLANG_CXX_LANGUAGE_STANDARD = "gnu++20";
				CLANG_ENABLE_MODULES = YES;
				CLANG_ENABLE_OBJC_ARC = YES;
				CLANG_ENABLE_OBJC_WEAK = YES;
				CLANG_WARN_BLOCK_CAPTURE_AUTORELEASING = YES;
				CLANG_WARN_BOOL_CONVERSION = YES;
				CLANG_WARN_COMMA = YES;
				CLANG_WARN_CONSTANT_CONVERSION = YES;
				CLANG_WARN_DEPRECATED_OBJC_IMPLEMENTATIONS = YES;
				CLANG_WARN_DIRECT_OBJC_ISA_USAGE = YES_ERROR;
				CLANG_WARN_DOCUMENTATION_COMMENTS = YES;
				CLANG_WARN_EMPTY_BODY = YES;
				CLANG_WARN_ENUM_CONVERSION = YES;
				CLANG_WARN_INFINITE_RECURSION = YES;
				CLANG_WARN_INT_CONVERSION = YES;
				CLANG_WARN_NON_LITERAL_NULL_CONVERSION = YES;
				CLANG_WARN_OBJC_IMPLICIT_RETAIN_SELF = YES;
				CLANG_WARN_OBJC_LITERAL_CONVERSION = YES;
				CLANG_WARN_OBJC_ROOT_CLASS = YES_ERROR;
				CLANG_WARN_QUOTED_INCLUDE_IN_FRAMEWORK_HEADER = YES;
				CLANG_WARN_RANGE_LOOP_ANALYSIS = YES;
				CLANG_WARN_STRICT_PROTOTYPES = YES;
				CLANG_WARN_SUSPICIOUS_MOVE = YES;
				CLANG_WARN_UNGUARDED_AVAILABILITY = YES_AGGRESSIVE;
				CLANG_WARN_UNREACHABLE_CODE = YES;
				CLANG_WARN__DUPLICATE_METHOD_MATCH = YES;
				COPY_PHASE_STRIP = NO;
				DEBUG_INFORMATION_FORMAT = dwarf;
				ENABLE_STRICT_OBJC_MSGSEND = YES;
				ENABLE_TESTABILITY = YES;
				GCC_C_LANGUAGE_STANDARD = gnu11;
				GCC_DYNAMIC_NO_PIC = NO;
				GCC_NO_COMMON_BLOCKS = YES;
				GCC_OPTIMIZATION_LEVEL = 0;
				GCC_PREPROCESSOR_DEFINITIONS = (
					"DEBUG=1",
					"$(inherited)",
				);
				GCC_WARN_64_TO_32_BIT_CONVERSION = YES;
				GCC_WARN_ABOUT_RETURN_TYPE = YES_ERROR;
				GCC_WARN_UNDECLARED_SELECTOR = YES;
				GCC_WARN_UNINITIALIZED_AUTOS = YES_AGGRESSIVE;
				GCC_WARN_UNUSED_FUNCTION = YES;
				GCC_WARN_UNUSED_VARIABLE = YES;
				IPHONEOS_DEPLOYMENT_TARGET = 16.2;
				MTL_ENABLE_DEBUG_INFO = INCLUDE_SOURCE;
				MTL_FAST_MATH = YES;
				ONLY_ACTIVE_ARCH = YES;
				SDKROOT = iphoneos;
				SWIFT_ACTIVE_COMPILATION_CONDITIONS = DEBUG;
				SWIFT_OPTIMIZATION_LEVEL = "-Onone";
			};
			name = Debug;
		};
		8C7A06F129EEED600090DEBB /* Release */ = {
			isa = XCBuildConfiguration;
			buildSettings = {
				ALWAYS_SEARCH_USER_PATHS = NO;
				CLANG_ANALYZER_NONNULL = YES;
				CLANG_ANALYZER_NUMBER_OBJECT_CONVERSION = YES_AGGRESSIVE;
				CLANG_CXX_LANGUAGE_STANDARD = "gnu++20";
				CLANG_ENABLE_MODULES = YES;
				CLANG_ENABLE_OBJC_ARC = YES;
				CLANG_ENABLE_OBJC_WEAK = YES;
				CLANG_WARN_BLOCK_CAPTURE_AUTORELEASING = YES;
				CLANG_WARN_BOOL_CONVERSION = YES;
				CLANG_WARN_COMMA = YES;
				CLANG_WARN_CONSTANT_CONVERSION = YES;
				CLANG_WARN_DEPRECATED_OBJC_IMPLEMENTATIONS = YES;
				CLANG_WARN_DIRECT_OBJC_ISA_USAGE = YES_ERROR;
				CLANG_WARN_DOCUMENTATION_COMMENTS = YES;
				CLANG_WARN_EMPTY_BODY = YES;
				CLANG_WARN_ENUM_CONVERSION = YES;
				CLANG_WARN_INFINITE_RECURSION = YES;
				CLANG_WARN_INT_CONVERSION = YES;
				CLANG_WARN_NON_LITERAL_NULL_CONVERSION = YES;
				CLANG_WARN_OBJC_IMPLICIT_RETAIN_SELF = YES;
				CLANG_WARN_OBJC_LITERAL_CONVERSION = YES;
				CLANG_WARN_OBJC_ROOT_CLASS = YES_ERROR;
				CLANG_WARN_QUOTED_INCLUDE_IN_FRAMEWORK_HEADER = YES;
				CLANG_WARN_RANGE_LOOP_ANALYSIS = YES;
				CLANG_WARN_STRICT_PROTOTYPES = YES;
				CLANG_WARN_SUSPICIOUS_MOVE = YES;
				CLANG_WARN_UNGUARDED_AVAILABILITY = YES_AGGRESSIVE;
				CLANG_WARN_UNREACHABLE_CODE = YES;
				CLANG_WARN__DUPLICATE_METHOD_MATCH = YES;
				COPY_PHASE_STRIP = NO;
				DEBUG_INFORMATION_FORMAT = "dwarf-with-dsym";
				ENABLE_NS_ASSERTIONS = NO;
				ENABLE_STRICT_OBJC_MSGSEND = YES;
				GCC_C_LANGUAGE_STANDARD = gnu11;
				GCC_NO_COMMON_BLOCKS = YES;
				GCC_WARN_64_TO_32_BIT_CONVERSION = YES;
				GCC_WARN_ABOUT_RETURN_TYPE = YES_ERROR;
				GCC_WARN_UNDECLARED_SELECTOR = YES;
				GCC_WARN_UNINITIALIZED_AUTOS = YES_AGGRESSIVE;
				GCC_WARN_UNUSED_FUNCTION = YES;
				GCC_WARN_UNUSED_VARIABLE = YES;
				IPHONEOS_DEPLOYMENT_TARGET = 16.2;
				MTL_ENABLE_DEBUG_INFO = NO;
				MTL_FAST_MATH = YES;
				SDKROOT = iphoneos;
				SWIFT_COMPILATION_MODE = wholemodule;
				SWIFT_OPTIMIZATION_LEVEL = "-O";
				VALIDATE_PRODUCT = YES;
			};
			name = Release;
		};
		8C7A06F329EEED600090DEBB /* Debug */ = {
			isa = XCBuildConfiguration;
			baseConfigurationReference = F45B22A3A250019CC5946398 /* Pods-CocoapodsBug.debug.xcconfig */;
			buildSettings = {
				ASSETCATALOG_COMPILER_APPICON_NAME = AppIcon;
				ASSETCATALOG_COMPILER_GLOBAL_ACCENT_COLOR_NAME = AccentColor;
				CODE_SIGN_STYLE = Automatic;
				CURRENT_PROJECT_VERSION = 1;
				GENERATE_INFOPLIST_FILE = YES;
				INFOPLIST_FILE = CocoapodsBug/Info.plist;
				INFOPLIST_KEY_UIApplicationSupportsIndirectInputEvents = YES;
				INFOPLIST_KEY_UILaunchStoryboardName = LaunchScreen;
				INFOPLIST_KEY_UIMainStoryboardFile = Main;
				INFOPLIST_KEY_UISupportedInterfaceOrientations_iPad = "UIInterfaceOrientationPortrait UIInterfaceOrientationPortraitUpsideDown UIInterfaceOrientationLandscapeLeft UIInterfaceOrientationLandscapeRight";
				INFOPLIST_KEY_UISupportedInterfaceOrientations_iPhone = "UIInterfaceOrientationPortrait UIInterfaceOrientationLandscapeLeft UIInterfaceOrientationLandscapeRight";
				LD_RUNPATH_SEARCH_PATHS = (
					"$(inherited)",
					"@executable_path/Frameworks",
				);
				MARKETING_VERSION = 1.0;
				PRODUCT_BUNDLE_IDENTIFIER = com.github.CocoapodsBug;
				PRODUCT_NAME = "$(TARGET_NAME)";
				SWIFT_EMIT_LOC_STRINGS = YES;
				SWIFT_VERSION = 5.0;
				TARGETED_DEVICE_FAMILY = "1,2";
			};
			name = Debug;
		};
		8C7A06F429EEED600090DEBB /* Release */ = {
			isa = XCBuildConfiguration;
			baseConfigurationReference = C03A4A049E0D77B0C261676F /* Pods-CocoapodsBug.release.xcconfig */;
			buildSettings = {
				ASSETCATALOG_COMPILER_APPICON_NAME = AppIcon;
				ASSETCATALOG_COMPILER_GLOBAL_ACCENT_COLOR_NAME = AccentColor;
				CODE_SIGN_STYLE = Automatic;
				CURRENT_PROJECT_VERSION = 1;
				GENERATE_INFOPLIST_FILE = YES;
				INFOPLIST_FILE = CocoapodsBug/Info.plist;
				INFOPLIST_KEY_UIApplicationSupportsIndirectInputEvents = YES;
				INFOPLIST_KEY_UILaunchStoryboardName = LaunchScreen;
				INFOPLIST_KEY_UIMainStoryboardFile = Main;
				INFOPLIST_KEY_UISupportedInterfaceOrientations_iPad = "UIInterfaceOrientationPortrait UIInterfaceOrientationPortraitUpsideDown UIInterfaceOrientationLandscapeLeft UIInterfaceOrientationLandscapeRight";
				INFOPLIST_KEY_UISupportedInterfaceOrientations_iPhone = "UIInterfaceOrientationPortrait UIInterfaceOrientationLandscapeLeft UIInterfaceOrientationLandscapeRight";
				LD_RUNPATH_SEARCH_PATHS = (
					"$(inherited)",
					"@executable_path/Frameworks",
				);
				MARKETING_VERSION = 1.0;
				PRODUCT_BUNDLE_IDENTIFIER = com.github.CocoapodsBug;
				PRODUCT_NAME = "$(TARGET_NAME)";
				SWIFT_EMIT_LOC_STRINGS = YES;
				SWIFT_VERSION = 5.0;
				TARGETED_DEVICE_FAMILY = "1,2";
			};
			name = Release;
		};
		8C7A070529EEEF240090DEBB /* Debug */ = {
			isa = XCBuildConfiguration;
			baseConfigurationReference = 6C54408E24036212D0FFCEDE /* Pods-CocoapodsBug-CocoapodsBugTests.debug.xcconfig */;
			buildSettings = {
				CODE_SIGN_STYLE = Automatic;
				CURRENT_PROJECT_VERSION = 1;
				GENERATE_INFOPLIST_FILE = YES;
				MARKETING_VERSION = 1.0;
				PRODUCT_BUNDLE_IDENTIFIER = com.github.CocoapodsBugTests;
				PRODUCT_NAME = "$(TARGET_NAME)";
				SWIFT_EMIT_LOC_STRINGS = NO;
				SWIFT_VERSION = 5.0;
				TARGETED_DEVICE_FAMILY = "1,2";
			};
			name = Debug;
		};
		8C7A070629EEEF240090DEBB /* Release */ = {
			isa = XCBuildConfiguration;
			baseConfigurationReference = D79008918C2FDAF0BC5C3EE2 /* Pods-CocoapodsBug-CocoapodsBugTests.release.xcconfig */;
			buildSettings = {
				CODE_SIGN_STYLE = Automatic;
				CURRENT_PROJECT_VERSION = 1;
				GENERATE_INFOPLIST_FILE = YES;
				MARKETING_VERSION = 1.0;
				PRODUCT_BUNDLE_IDENTIFIER = com.github.CocoapodsBugTests;
				PRODUCT_NAME = "$(TARGET_NAME)";
				SWIFT_EMIT_LOC_STRINGS = NO;
				SWIFT_VERSION = 5.0;
				TARGETED_DEVICE_FAMILY = "1,2";
			};
			name = Release;
		};
/* End XCBuildConfiguration section */

/* Begin XCConfigurationList section */
		8C7A06C329EEED5F0090DEBB /* Build configuration list for PBXProject "CocoapodsBug" */ = {
			isa = XCConfigurationList;
			buildConfigurations = (
				8C7A06F029EEED600090DEBB /* Debug */,
				8C7A06F129EEED600090DEBB /* Release */,
			);
			defaultConfigurationIsVisible = 0;
			defaultConfigurationName = Release;
		};
		8C7A06F229EEED600090DEBB /* Build configuration list for PBXNativeTarget "CocoapodsBug" */ = {
			isa = XCConfigurationList;
			buildConfigurations = (
				8C7A06F329EEED600090DEBB /* Debug */,
				8C7A06F429EEED600090DEBB /* Release */,
			);
			defaultConfigurationIsVisible = 0;
			defaultConfigurationName = Release;
		};
		8C7A070729EEEF240090DEBB /* Build configuration list for PBXNativeTarget "CocoapodsBugTests" */ = {
			isa = XCConfigurationList;
			buildConfigurations = (
				8C7A070529EEEF240090DEBB /* Debug */,
				8C7A070629EEEF240090DEBB /* Release */,
			);
			defaultConfigurationIsVisible = 0;
			defaultConfigurationName = Release;
		};
/* End XCConfigurationList section */
	};
	rootObject = 8C7A06C029EEED5F0090DEBB /* Project object */;
}
